// !$*UTF8*$!
{
	archiveVersion = 1;
	classes = {
	};
	objectVersion = 77;
	objects = {

/* Begin PBXBuildFile section */
		1E751ABC99FC4054333B97A1 /* OAuthRouteDecisionHandler.swift in Sources */ = {isa = PBXBuildFile; fileRef = 491932B01E4AA19E3DBE8D7C /* OAuthRouteDecisionHandler.swift */; };
		B14D1B87F908ED2900C2D96B /* WebViewController.swift in Sources */ = {isa = PBXBuildFile; fileRef = 424EED022CAAB963F5BD2758 /* WebViewController.swift */; };
		B71383D32ABF0C7C3C12E5A7 /* path-configuration.json in Resources */ = {isa = PBXBuildFile; fileRef = 56473C177C41A0BDC8B25BBF /* path-configuration.json */; };
		C092A6C2E101B03C777D69CC /* HotwireNative in Frameworks */ = {isa = PBXBuildFile; productRef = 4C76834D1549320EF0C8804B /* HotwireNative */; };
		EBCFD1D77F7C19C3701A3745 /* AppDelegate.swift in Sources */ = {isa = PBXBuildFile; fileRef = 14F21305C8444F7C2A184058 /* AppDelegate.swift */; };
		F5E07F44AAFD9F2289C41023 /* SceneDelegate.swift in Sources */ = {isa = PBXBuildFile; fileRef = DB981BFDCFC23F83F4FA51D0 /* SceneDelegate.swift */; };
		F9EA448D0B49464F880DFF99 /* Config.swift in Sources */ = {isa = PBXBuildFile; fileRef = BF916A23D1FA8D6561E5AE96 /* Config.swift */; };
/* End PBXBuildFile section */

/* Begin PBXFileReference section */
		0F813CF4656FD07DC9E9F3C4 /* Campbooks.app */ = {isa = PBXFileReference; includeInIndex = 0; lastKnownFileType = wrapper.application; path = Campbooks.app; sourceTree = BUILT_PRODUCTS_DIR; };
		14F21305C8444F7C2A184058 /* AppDelegate.swift */ = {isa = PBXFileReference; lastKnownFileType = sourcecode.swift; path = AppDelegate.swift; sourceTree = "<group>"; };
		39B9FB3D20D99961D25800B1 /* Info.plist */ = {isa = PBXFileReference; lastKnownFileType = text.plist; path = Info.plist; sourceTree = "<group>"; };
		424EED022CAAB963F5BD2758 /* WebViewController.swift */ = {isa = PBXFileReference; lastKnownFileType = sourcecode.swift; path = WebViewController.swift; sourceTree = "<group>"; };
		491932B01E4AA19E3DBE8D7C /* OAuthRouteDecisionHandler.swift */ = {isa = PBXFileReference; lastKnownFileType = sourcecode.swift; path = OAuthRouteDecisionHandler.swift; sourceTree = "<group>"; };
		56473C177C41A0BDC8B25BBF /* path-configuration.json */ = {isa = PBXFileReference; lastKnownFileType = text.json; path = "path-configuration.json"; sourceTree = "<group>"; };
		BF916A23D1FA8D6561E5AE96 /* Config.swift */ = {isa = PBXFileReference; lastKnownFileType = sourcecode.swift; path = Config.swift; sourceTree = "<group>"; };
		DB981BFDCFC23F83F4FA51D0 /* SceneDelegate.swift */ = {isa = PBXFileReference; lastKnownFileType = sourcecode.swift; path = SceneDelegate.swift; sourceTree = "<group>"; };
/* End PBXFileReference section */

/* Begin PBXFrameworksBuildPhase section */
		C4551ADC6DEDAC500C23CB0C /* Frameworks */ = {
			isa = PBXFrameworksBuildPhase;
			buildActionMask = 2147483647;
			files = (
				C092A6C2E101B03C777D69CC /* HotwireNative in Frameworks */,
			);
			runOnlyForDeploymentPostprocessing = 0;
		};
/* End PBXFrameworksBuildPhase section */

/* Begin PBXGroup section */
		316FBA1BC41E0DC3EBF831B2 /* Products */ = {
			isa = PBXGroup;
			children = (
				0F813CF4656FD07DC9E9F3C4 /* Campbooks.app */,
			);
			name = Products;
			sourceTree = "<group>";
		};
		739B00614EBAF58DA10585EB = {
			isa = PBXGroup;
			children = (
				EC67E0D5C86A2D1E56781CE5 /* Campbooks */,
				316FBA1BC41E0DC3EBF831B2 /* Products */,
			);
			sourceTree = "<group>";
		};
		EC67E0D5C86A2D1E56781CE5 /* Campbooks */ = {
			isa = PBXGroup;
			children = (
				14F21305C8444F7C2A184058 /* AppDelegate.swift */,
				BF916A23D1FA8D6561E5AE96 /* Config.swift */,
				39B9FB3D20D99961D25800B1 /* Info.plist */,
				491932B01E4AA19E3DBE8D7C /* OAuthRouteDecisionHandler.swift */,
				56473C177C41A0BDC8B25BBF /* path-configuration.json */,
				DB981BFDCFC23F83F4FA51D0 /* SceneDelegate.swift */,
				424EED022CAAB963F5BD2758 /* WebViewController.swift */,
			);
			path = Campbooks;
			sourceTree = "<group>";
		};
/* End PBXGroup section */

/* Begin PBXNativeTarget section */
		9B3F28749784F3BDB92F3C59 /* Campbooks */ = {
			isa = PBXNativeTarget;
			buildConfigurationList = CC183014E9F9E55876AEC5DE /* Build configuration list for PBXNativeTarget "Campbooks" */;
			buildPhases = (
				A93B38E8246D74F016C5D8EC /* Sources */,
				148DA441E2D432A28006736E /* Resources */,
				C4551ADC6DEDAC500C23CB0C /* Frameworks */,
			);
			buildRules = (
			);
			dependencies = (
			);
			name = Campbooks;
			packageProductDependencies = (
				4C76834D1549320EF0C8804B /* HotwireNative */,
			);
			productName = Campbooks;
			productReference = 0F813CF4656FD07DC9E9F3C4 /* Campbooks.app */;
			productType = "com.apple.product-type.application";
		};
/* End PBXNativeTarget section */

/* Begin PBXProject section */
		6710E981E4652B51C3ACBC44 /* Project object */ = {
			isa = PBXProject;
			attributes = {
				BuildIndependentTargetsInParallel = YES;
				LastUpgradeCheck = 1430;
				TargetAttributes = {
					9B3F28749784F3BDB92F3C59 = {
						ProvisioningStyle = Automatic;
					};
				};
			};
			buildConfigurationList = D5D3555148E10646FAA4A84A /* Build configuration list for PBXProject "Campbooks" */;
			developmentRegion = en;
			hasScannedForEncodings = 0;
			knownRegions = (
				Base,
				en,
			);
			mainGroup = 739B00614EBAF58DA10585EB;
			minimizedProjectReferenceProxies = 1;
			packageReferences = (
				F8C0227F199D6732D78E93B8 /* XCRemoteSwiftPackageReference "hotwire-native-ios" */,
			);
			preferredProjectObjectVersion = 77;
			productRefGroup = 316FBA1BC41E0DC3EBF831B2 /* Products */;
			projectDirPath = "";
			projectRoot = "";
			targets = (
				9B3F28749784F3BDB92F3C59 /* Campbooks */,
			);
		};
/* End PBXProject section */

/* Begin PBXResourcesBuildPhase section */
		148DA441E2D432A28006736E /* Resources */ = {
			isa = PBXResourcesBuildPhase;
			buildActionMask = 2147483647;
			files = (
				B71383D32ABF0C7C3C12E5A7 /* path-configuration.json in Resources */,
			);
			runOnlyForDeploymentPostprocessing = 0;
		};
/* End PBXResourcesBuildPhase section */

/* Begin PBXSourcesBuildPhase section */
		A93B38E8246D74F016C5D8EC /* Sources */ = {
			isa = PBXSourcesBuildPhase;
			buildActionMask = 2147483647;
			files = (
				EBCFD1D77F7C19C3701A3745 /* AppDelegate.swift in Sources */,
				F9EA448D0B49464F880DFF99 /* Config.swift in Sources */,
				1E751ABC99FC4054333B97A1 /* OAuthRouteDecisionHandler.swift in Sources */,
				F5E07F44AAFD9F2289C41023 /* SceneDelegate.swift in Sources */,
				B14D1B87F908ED2900C2D96B /* WebViewController.swift in Sources */,
			);
			runOnlyForDeploymentPostprocessing = 0;
		};
/* End PBXSourcesBuildPhase section */

/* Begin XCBuildConfiguration section */
		1804A7D9575D4F5EF33C7BD6 /* Debug */ = {
			isa = XCBuildConfiguration;
			buildSettings = {
				ALWAYS_SEARCH_USER_PATHS = NO;
				CLANG_ANALYZER_NONNULL = YES;
				CLANG_ANALYZER_NUMBER_OBJECT_CONVERSION = YES_AGGRESSIVE;
				CLANG_CXX_LANGUAGE_STANDARD = "gnu++14";
				CLANG_CXX_LIBRARY = "libc++";
				CLANG_ENABLE_MODULES = YES;
				CLANG_ENABLE_OBJC_ARC = YES;
				CLANG_ENABLE_OBJC_WEAK = YES;
				CLANG_WARN_BLOCK_CAPTURE_AUTORELEASING = YES;
				CLANG_WARN_BOOL_CONVERSION = YES;
				CLANG_WARN_COMMA = YES;
				CLANG_WARN_CONSTANT_CONVERSION = YES;
				CLANG_WARN_DEPRECATED_OBJC_IMPLEMENTATIONS = YES;
				CLANG_WARN_DIRECT_OBJC_ISA_USAGE = YES_ERROR;
				CLANG_WARN_DOCUMENTATION_COMMENTS = YES;
				CLANG_WARN_EMPTY_BODY = YES;
				CLANG_WARN_ENUM_CONVERSION = YES;
				CLANG_WARN_INFINITE_RECURSION = YES;
				CLANG_WARN_INT_CONVERSION = YES;
				CLANG_WARN_NON_LITERAL_NULL_CONVERSION = YES;
				CLANG_WARN_OBJC_IMPLICIT_RETAIN_SELF = YES;
				CLANG_WARN_OBJC_LITERAL_CONVERSION = YES;
				CLANG_WARN_OBJC_ROOT_CLASS = YES_ERROR;
				CLANG_WARN_QUOTED_INCLUDE_IN_FRAMEWORK_HEADER = YES;
				CLANG_WARN_RANGE_LOOP_ANALYSIS = YES;
				CLANG_WARN_STRICT_PROTOTYPES = YES;
				CLANG_WARN_SUSPICIOUS_MOVE = YES;
				CLANG_WARN_UNGUARDED_AVAILABILITY = YES_AGGRESSIVE;
				CLANG_WARN_UNREACHABLE_CODE = YES;
				CLANG_WARN__DUPLICATE_METHOD_MATCH = YES;
				COPY_PHASE_STRIP = NO;
				DEBUG_INFORMATION_FORMAT = dwarf;
				ENABLE_STRICT_OBJC_MSGSEND = YES;
				ENABLE_TESTABILITY = YES;
				GCC_C_LANGUAGE_STANDARD = gnu11;
				GCC_DYNAMIC_NO_PIC = NO;
				GCC_NO_COMMON_BLOCKS = YES;
				GCC_OPTIMIZATION_LEVEL = 0;
				GCC_PREPROCESSOR_DEFINITIONS = (
					"$(inherited)",
					"DEBUG=1",
				);
				GCC_WARN_64_TO_32_BIT_CONVERSION = YES;
				GCC_WARN_ABOUT_RETURN_TYPE = YES_ERROR;
				GCC_WARN_UNDECLARED_SELECTOR = YES;
				GCC_WARN_UNINITIALIZED_AUTOS = YES_AGGRESSIVE;
				GCC_WARN_UNUSED_FUNCTION = YES;
				GCC_WARN_UNUSED_VARIABLE = YES;
				IPHONEOS_DEPLOYMENT_TARGET = 15.0;
				MTL_ENABLE_DEBUG_INFO = INCLUDE_SOURCE;
				MTL_FAST_MATH = YES;
				ONLY_ACTIVE_ARCH = YES;
				PRODUCT_NAME = "$(TARGET_NAME)";
				SDKROOT = iphoneos;
				SWIFT_ACTIVE_COMPILATION_CONDITIONS = DEBUG;
				SWIFT_OPTIMIZATION_LEVEL = "-Onone";
				SWIFT_VERSION = 5.0;
			};
			name = Debug;
		};
		4BBC1F1D6A4E7411BA33A577 /* Release */ = {
			isa = XCBuildConfiguration;
			buildSettings = {
				ALWAYS_SEARCH_USER_PATHS = NO;
				CLANG_ANALYZER_NONNULL = YES;
				CLANG_ANALYZER_NUMBER_OBJECT_CONVERSION = YES_AGGRESSIVE;
				CLANG_CXX_LANGUAGE_STANDARD = "gnu++14";
				CLANG_CXX_LIBRARY = "libc++";
				CLANG_ENABLE_MODULES = YES;
				CLANG_ENABLE_OBJC_ARC = YES;
				CLANG_ENABLE_OBJC_WEAK = YES;
				CLANG_WARN_BLOCK_CAPTURE_AUTORELEASING = YES;
				CLANG_WARN_BOOL_CONVERSION = YES;
				CLANG_WARN_COMMA = YES;
				CLANG_WARN_CONSTANT_CONVERSION = YES;
				CLANG_WARN_DEPRECATED_OBJC_IMPLEMENTATIONS = YES;
				CLANG_WARN_DIRECT_OBJC_ISA_USAGE = YES_ERROR;
				CLANG_WARN_DOCUMENTATION_COMMENTS = YES;
				CLANG_WARN_EMPTY_BODY = YES;
				CLANG_WARN_ENUM_CONVERSION = YES;
				CLANG_WARN_INFINITE_RECURSION = YES;
				CLANG_WARN_INT_CONVERSION = YES;
				CLANG_WARN_NON_LITERAL_NULL_CONVERSION = YES;
				CLANG_WARN_OBJC_IMPLICIT_RETAIN_SELF = YES;
				CLANG_WARN_OBJC_LITERAL_CONVERSION = YES;
				CLANG_WARN_OBJC_ROOT_CLASS = YES_ERROR;
				CLANG_WARN_QUOTED_INCLUDE_IN_FRAMEWORK_HEADER = YES;
				CLANG_WARN_RANGE_LOOP_ANALYSIS = YES;
				CLANG_WARN_STRICT_PROTOTYPES = YES;
				CLANG_WARN_SUSPICIOUS_MOVE = YES;
				CLANG_WARN_UNGUARDED_AVAILABILITY = YES_AGGRESSIVE;
				CLANG_WARN_UNREACHABLE_CODE = YES;
				CLANG_WARN__DUPLICATE_METHOD_MATCH = YES;
				COPY_PHASE_STRIP = NO;
				DEBUG_INFORMATION_FORMAT = "dwarf-with-dsym";
				ENABLE_NS_ASSERTIONS = NO;
				ENABLE_STRICT_OBJC_MSGSEND = YES;
				GCC_C_LANGUAGE_STANDARD = gnu11;
				GCC_NO_COMMON_BLOCKS = YES;
				GCC_WARN_64_TO_32_BIT_CONVERSION = YES;
				GCC_WARN_ABOUT_RETURN_TYPE = YES_ERROR;
				GCC_WARN_UNDECLARED_SELECTOR = YES;
				GCC_WARN_UNINITIALIZED_AUTOS = YES_AGGRESSIVE;
				GCC_WARN_UNUSED_FUNCTION = YES;
				GCC_WARN_UNUSED_VARIABLE = YES;
				IPHONEOS_DEPLOYMENT_TARGET = 15.0;
				MTL_ENABLE_DEBUG_INFO = NO;
				MTL_FAST_MATH = YES;
				PRODUCT_NAME = "$(TARGET_NAME)";
				SDKROOT = iphoneos;
				SWIFT_COMPILATION_MODE = wholemodule;
				SWIFT_OPTIMIZATION_LEVEL = "-O";
				SWIFT_VERSION = 5.0;
			};
			name = Release;
		};
		52F868D03BE561BB46669676 /* Release */ = {
			isa = XCBuildConfiguration;
			buildSettings = {
				ASSETCATALOG_COMPILER_APPICON_NAME = AppIcon;
				CODE_SIGN_IDENTITY = "iPhone Developer";
				CODE_SIGN_STYLE = Automatic;
				CURRENT_PROJECT_VERSION = 1;
				GENERATE_INFOPLIST_FILE = NO;
				INFOPLIST_FILE = Campbooks/Info.plist;
				LD_RUNPATH_SEARCH_PATHS = (
					"$(inherited)",
					"@executable_path/Frameworks",
				);
				MARKETING_VERSION = 1.0;
				PRODUCT_BUNDLE_IDENTIFIER = com.notacamp.campbooks;
				SDKROOT = iphoneos;
				SWIFT_VERSION = 5.0;
				TARGETED_DEVICE_FAMILY = "1,2";
			};
			name = Release;
		};
		A6D1992000E88D6B6209BB40 /* Debug */ = {
			isa = XCBuildConfiguration;
			buildSettings = {
				ASSETCATALOG_COMPILER_APPICON_NAME = AppIcon;
				CODE_SIGN_IDENTITY = "iPhone Developer";
				CODE_SIGN_STYLE = Automatic;
				CURRENT_PROJECT_VERSION = 1;
				GENERATE_INFOPLIST_FILE = NO;
				INFOPLIST_FILE = Campbooks/Info.plist;
				LD_RUNPATH_SEARCH_PATHS = (
					"$(inherited)",
					"@executable_path/Frameworks",
				);
				MARKETING_VERSION = 1.0;
				PRODUCT_BUNDLE_IDENTIFIER = com.notacamp.campbooks;
				SDKROOT = iphoneos;
				SWIFT_VERSION = 5.0;
				TARGETED_DEVICE_FAMILY = "1,2";
			};
			name = Debug;
		};
/* End XCBuildConfiguration section */

/* Begin XCConfigurationList section */
		CC183014E9F9E55876AEC5DE /* Build configuration list for PBXNativeTarget "Campbooks" */ = {
			isa = XCConfigurationList;
			buildConfigurations = (
				A6D1992000E88D6B6209BB40 /* Debug */,
				52F868D03BE561BB46669676 /* Release */,
			);
			defaultConfigurationIsVisible = 0;
			defaultConfigurationName = Debug;
		};
		D5D3555148E10646FAA4A84A /* Build configuration list for PBXProject "Campbooks" */ = {
			isa = XCConfigurationList;
			buildConfigurations = (
				1804A7D9575D4F5EF33C7BD6 /* Debug */,
				4BBC1F1D6A4E7411BA33A577 /* Release */,
			);
			defaultConfigurationIsVisible = 0;
			defaultConfigurationName = Debug;
		};
/* End XCConfigurationList section */

/* Begin XCRemoteSwiftPackageReference section */
		F8C0227F199D6732D78E93B8 /* XCRemoteSwiftPackageReference "hotwire-native-ios" */ = {
			isa = XCRemoteSwiftPackageReference;
			repositoryURL = "https://github.com/hotwired/hotwire-native-ios";
			requirement = {
				kind = upToNextMajorVersion;
				minimumVersion = 1.2.0;
			};
		};
/* End XCRemoteSwiftPackageReference section */

/* Begin XCSwiftPackageProductDependency section */
		4C76834D1549320EF0C8804B /* HotwireNative */ = {
			isa = XCSwiftPackageProductDependency;
			package = F8C0227F199D6732D78E93B8 /* XCRemoteSwiftPackageReference "hotwire-native-ios" */;
			productName = HotwireNative;
		};
/* End XCSwiftPackageProductDependency section */
	};
	rootObject = 6710E981E4652B51C3ACBC44 /* Project object */;
}
